PODS:
  - boost-for-react-native (1.63.0)
  - CocoaAsyncSocket (7.6.5)
  - DoubleConversion (1.1.6)
  - FBLazyVector (0.63.38)
  - FBReactNativeSpec (0.63.38):
    - RCT-Folly (= 2020.01.13.00)
    - RCTRequired (= 0.63.38)
    - RCTTypeSafety (= 0.63.38)
    - React-Core (= 0.63.38)
    - React-jsi (= 0.63.38)
    - ReactCommon/turbomodule/core (= 0.63.38)
  - Flipper (0.75.1):
    - Flipper-Folly (~> 2.5)
    - Flipper-RSocket (~> 1.3)
  - Flipper-DoubleConversion (1.1.7)
  - Flipper-Folly (2.5.1):
    - boost-for-react-native
    - Flipper-DoubleConversion
    - Flipper-Glog
    - libevent (~> 2.1.12)
    - OpenSSL-Universal (= 1.1.180)
  - Flipper-Glog (0.3.6)
  - Flipper-PeerTalk (0.0.4)
  - Flipper-RSocket (1.3.1):
    - Flipper-Folly (~> 2.5)
  - FlipperKit (0.75.1):
    - FlipperKit/Core (= 0.75.1)
  - FlipperKit/Core (0.75.1):
    - Flipper (~> 0.75.1)
    - FlipperKit/CppBridge
    - FlipperKit/FBCxxFollyDynamicConvert
    - FlipperKit/FBDefines
    - FlipperKit/FKPortForwarding
  - FlipperKit/CppBridge (0.75.1):
    - Flipper (~> 0.75.1)
  - FlipperKit/FBCxxFollyDynamicConvert (0.75.1):
    - Flipper-Folly (~> 2.5)
  - FlipperKit/FBDefines (0.75.1)
  - FlipperKit/FKPortForwarding (0.75.1):
    - CocoaAsyncSocket (~> 7.6)
    - Flipper-PeerTalk (~> 0.0.4)
  - FlipperKit/FlipperKitHighlightOverlay (0.75.1)
  - FlipperKit/FlipperKitLayoutPlugin (0.75.1):
    - FlipperKit/Core
    - FlipperKit/FlipperKitHighlightOverlay
    - FlipperKit/FlipperKitLayoutTextSearchable
    - YogaKit (~> 1.18)
  - FlipperKit/FlipperKitLayoutTextSearchable (0.75.1)
  - FlipperKit/FlipperKitNetworkPlugin (0.75.1):
    - FlipperKit/Core
  - FlipperKit/FlipperKitReactPlugin (0.75.1):
    - FlipperKit/Core
  - FlipperKit/FlipperKitUserDefaultsPlugin (0.75.1):
    - FlipperKit/Core
  - FlipperKit/SKIOSNetworkPlugin (0.75.1):
    - FlipperKit/Core
    - FlipperKit/FlipperKitNetworkPlugin
  - Folly (2016.09.26.00):
    - boost-for-react-native
    - DoubleConversion
    - glog
  - glog (0.3.5)
  - libevent (2.1.12)
  - OpenSSL-Universal (1.1.180)
  - RCT-Folly (2020.01.13.00):
    - boost-for-react-native
    - DoubleConversion
    - glog
    - RCT-Folly/Default (= 2020.01.13.00)
  - RCT-Folly/Default (2020.01.13.00):
    - boost-for-react-native
    - DoubleConversion
    - glog
  - RCTRequired (0.63.38)
  - RCTTypeSafety (0.63.38):
    - FBLazyVector (= 0.63.38)
    - RCT-Folly (= 2020.01.13.00)
    - RCTRequired (= 0.63.38)
    - React-Core (= 0.63.38)
  - React (0.63.38):
    - React-Core (= 0.63.38)
    - React-Core/DevSupport (= 0.63.38)
    - React-Core/RCTWebSocket (= 0.63.38)
    - React-RCTActionSheet (= 0.63.38)
    - React-RCTAnimation (= 0.63.38)
    - React-RCTBlob (= 0.63.38)
    - React-RCTImage (= 0.63.38)
    - React-RCTLinking (= 0.63.38)
    - React-RCTNetwork (= 0.63.38)
    - React-RCTSettings (= 0.63.38)
    - React-RCTText (= 0.63.38)
    - React-RCTVibration (= 0.63.38)
  - React-callinvoker (0.63.38)
  - React-Core (0.63.38):
    - glog
    - RCT-Folly (= 2020.01.13.00)
    - React-Core/Default (= 0.63.38)
    - React-cxxreact (= 0.63.38)
    - React-jsi (= 0.63.38)
    - React-jsiexecutor (= 0.63.38)
    - Yoga
  - React-Core/CoreModulesHeaders (0.63.38):
    - glog
    - RCT-Folly (= 2020.01.13.00)
    - React-Core/Default
    - React-cxxreact (= 0.63.38)
    - React-jsi (= 0.63.38)
    - React-jsiexecutor (= 0.63.38)
    - Yoga
  - React-Core/Default (0.63.38):
    - glog
    - RCT-Folly (= 2020.01.13.00)
    - React-cxxreact (= 0.63.38)
    - React-jsi (= 0.63.38)
    - React-jsiexecutor (= 0.63.38)
    - Yoga
  - React-Core/DevSupport (0.63.38):
    - glog
    - RCT-Folly (= 2020.01.13.00)
    - React-Core/Default (= 0.63.38)
    - React-Core/RCTWebSocket (= 0.63.38)
    - React-cxxreact (= 0.63.38)
    - React-jsi (= 0.63.38)
    - React-jsiexecutor (= 0.63.38)
    - React-jsinspector (= 0.63.38)
    - Yoga
  - React-Core/RCTActionSheetHeaders (0.63.38):
    - glog
    - RCT-Folly (= 2020.01.13.00)
    - React-Core/Default
    - React-cxxreact (= 0.63.38)
    - React-jsi (= 0.63.38)
    - React-jsiexecutor (= 0.63.38)
    - Yoga
  - React-Core/RCTAnimationHeaders (0.63.38):
    - glog
    - RCT-Folly (= 2020.01.13.00)
    - React-Core/Default
    - React-cxxreact (= 0.63.38)
    - React-jsi (= 0.63.38)
    - React-jsiexecutor (= 0.63.38)
    - Yoga
  - React-Core/RCTBlobHeaders (0.63.38):
    - glog
    - RCT-Folly (= 2020.01.13.00)
    - React-Core/Default
    - React-cxxreact (= 0.63.38)
    - React-jsi (= 0.63.38)
    - React-jsiexecutor (= 0.63.38)
    - Yoga
  - React-Core/RCTImageHeaders (0.63.38):
    - glog
    - RCT-Folly (= 2020.01.13.00)
    - React-Core/Default
    - React-cxxreact (= 0.63.38)
    - React-jsi (= 0.63.38)
    - React-jsiexecutor (= 0.63.38)
    - Yoga
  - React-Core/RCTLinkingHeaders (0.63.38):
    - glog
    - RCT-Folly (= 2020.01.13.00)
    - React-Core/Default
    - React-cxxreact (= 0.63.38)
    - React-jsi (= 0.63.38)
    - React-jsiexecutor (= 0.63.38)
    - Yoga
  - React-Core/RCTNetworkHeaders (0.63.38):
    - glog
    - RCT-Folly (= 2020.01.13.00)
    - React-Core/Default
    - React-cxxreact (= 0.63.38)
    - React-jsi (= 0.63.38)
    - React-jsiexecutor (= 0.63.38)
    - Yoga
  - React-Core/RCTSettingsHeaders (0.63.38):
    - glog
    - RCT-Folly (= 2020.01.13.00)
    - React-Core/Default
    - React-cxxreact (= 0.63.38)
    - React-jsi (= 0.63.38)
    - React-jsiexecutor (= 0.63.38)
    - Yoga
  - React-Core/RCTTextHeaders (0.63.38):
    - glog
    - RCT-Folly (= 2020.01.13.00)
    - React-Core/Default
    - React-cxxreact (= 0.63.38)
    - React-jsi (= 0.63.38)
    - React-jsiexecutor (= 0.63.38)
    - Yoga
  - React-Core/RCTVibrationHeaders (0.63.38):
    - glog
    - RCT-Folly (= 2020.01.13.00)
    - React-Core/Default
    - React-cxxreact (= 0.63.38)
    - React-jsi (= 0.63.38)
    - React-jsiexecutor (= 0.63.38)
    - Yoga
  - React-Core/RCTWebSocket (0.63.38):
    - glog
    - RCT-Folly (= 2020.01.13.00)
    - React-Core/Default (= 0.63.38)
    - React-cxxreact (= 0.63.38)
    - React-jsi (= 0.63.38)
    - React-jsiexecutor (= 0.63.38)
    - Yoga
  - React-CoreModules (0.63.38):
    - FBReactNativeSpec (= 0.63.38)
    - RCT-Folly (= 2020.01.13.00)
    - RCTTypeSafety (= 0.63.38)
    - React-Core/CoreModulesHeaders (= 0.63.38)
    - React-jsi (= 0.63.38)
    - React-RCTImage (= 0.63.38)
    - ReactCommon/turbomodule/core (= 0.63.38)
  - React-cxxreact (0.63.38):
    - boost-for-react-native (= 1.63.0)
    - DoubleConversion
    - glog
    - RCT-Folly (= 2020.01.13.00)
    - React-callinvoker (= 0.63.38)
    - React-jsinspector (= 0.63.38)
  - React-jsi (0.63.38):
    - boost-for-react-native (= 1.63.0)
    - DoubleConversion
    - glog
    - RCT-Folly (= 2020.01.13.00)
    - React-jsi/Default (= 0.63.38)
  - React-jsi/Default (0.63.38):
    - boost-for-react-native (= 1.63.0)
    - DoubleConversion
    - glog
    - RCT-Folly (= 2020.01.13.00)
  - React-jsiexecutor (0.63.38):
    - DoubleConversion
    - glog
    - RCT-Folly (= 2020.01.13.00)
    - React-cxxreact (= 0.63.38)
    - React-jsi (= 0.63.38)
  - React-jsinspector (0.63.38)
  - react-native-get-random-values (1.7.0):
    - React-Core
  - react-native-macos-sensitive-info (6.0.0-alpha.11):
    - React-Core
  - react-native-safe-area-context (3.3.2):
    - React-Core
  - react-native-webview (11.6.2):
    - React-Core
  - React-RCTActionSheet (0.63.38):
    - React-Core/RCTActionSheetHeaders (= 0.63.38)
  - React-RCTAnimation (0.63.38):
    - FBReactNativeSpec (= 0.63.38)
    - RCT-Folly (= 2020.01.13.00)
    - RCTTypeSafety (= 0.63.38)
    - React-Core/RCTAnimationHeaders (= 0.63.38)
    - React-jsi (= 0.63.38)
    - ReactCommon/turbomodule/core (= 0.63.38)
  - React-RCTBlob (0.63.38):
    - FBReactNativeSpec (= 0.63.38)
    - RCT-Folly (= 2020.01.13.00)
    - React-Core/RCTBlobHeaders (= 0.63.38)
    - React-Core/RCTWebSocket (= 0.63.38)
    - React-jsi (= 0.63.38)
    - React-RCTNetwork (= 0.63.38)
    - ReactCommon/turbomodule/core (= 0.63.38)
  - React-RCTImage (0.63.38):
    - FBReactNativeSpec (= 0.63.38)
    - RCT-Folly (= 2020.01.13.00)
    - RCTTypeSafety (= 0.63.38)
    - React-Core/RCTImageHeaders (= 0.63.38)
    - React-jsi (= 0.63.38)
    - React-RCTNetwork (= 0.63.38)
    - ReactCommon/turbomodule/core (= 0.63.38)
  - React-RCTLinking (0.63.38):
    - FBReactNativeSpec (= 0.63.38)
    - React-Core/RCTLinkingHeaders (= 0.63.38)
    - React-jsi (= 0.63.38)
    - ReactCommon/turbomodule/core (= 0.63.38)
  - React-RCTNetwork (0.63.38):
    - FBReactNativeSpec (= 0.63.38)
    - RCT-Folly (= 2020.01.13.00)
    - RCTTypeSafety (= 0.63.38)
    - React-Core/RCTNetworkHeaders (= 0.63.38)
    - React-jsi (= 0.63.38)
    - ReactCommon/turbomodule/core (= 0.63.38)
  - React-RCTSettings (0.63.38):
    - FBReactNativeSpec (= 0.63.38)
    - RCT-Folly (= 2020.01.13.00)
    - RCTTypeSafety (= 0.63.38)
    - React-Core/RCTSettingsHeaders (= 0.63.38)
    - React-jsi (= 0.63.38)
    - ReactCommon/turbomodule/core (= 0.63.38)
  - React-RCTText (0.63.38):
    - React-Core/RCTTextHeaders (= 0.63.38)
  - React-RCTVibration (0.63.38):
    - FBReactNativeSpec (= 0.63.38)
    - RCT-Folly (= 2020.01.13.00)
    - React-Core/RCTVibrationHeaders (= 0.63.38)
    - React-jsi (= 0.63.38)
    - ReactCommon/turbomodule/core (= 0.63.38)
  - ReactCommon/turbomodule/core (0.63.38):
    - DoubleConversion
    - glog
    - RCT-Folly (= 2020.01.13.00)
    - React-callinvoker (= 0.63.38)
    - React-Core (= 0.63.38)
    - React-cxxreact (= 0.63.38)
    - React-jsi (= 0.63.38)
  - RNCAsyncStorage (1.15.8):
    - React-Core
  - RNGestureHandler (1.10.3):
    - React-Core
  - RNReanimated (2.2.2):
    - DoubleConversion
    - FBLazyVector
    - FBReactNativeSpec
    - Folly
    - glog
    - RCTRequired
    - RCTTypeSafety
    - React
    - React-callinvoker
    - React-Core
    - React-Core/DevSupport
    - React-Core/RCTWebSocket
    - React-CoreModules
    - React-cxxreact
    - React-jsi
    - React-jsiexecutor
    - React-jsinspector
    - React-RCTActionSheet
    - React-RCTAnimation
    - React-RCTBlob
    - React-RCTImage
    - React-RCTLinking
    - React-RCTNetwork
    - React-RCTSettings
    - React-RCTText
    - React-RCTVibration
    - ReactCommon/turbomodule/core
    - Yoga
  - RNScreens (3.4.0):
    - React-Core
    - React-RCTImage
  - RNVectorIcons (8.1.0):
    - React-Core
  - Yoga (1.14.0)
  - YogaKit (1.18.1):
    - Yoga (~> 1.14)

DEPENDENCIES:
  - boost-for-react-native (from `../node_modules/react-native-macos/third-party-podspecs/boost-for-react-native.podspec`)
  - DoubleConversion (from `../node_modules/react-native-macos/third-party-podspecs/DoubleConversion.podspec`)
  - FBLazyVector (from `../node_modules/react-native-macos/Libraries/FBLazyVector`)
  - FBReactNativeSpec (from `../node_modules/react-native-macos/Libraries/FBReactNativeSpec`)
  - Flipper (~> 0.75.1)
  - Flipper-DoubleConversion (= 1.1.7)
  - Flipper-Folly (~> 2.5)
  - Flipper-Glog (= 0.3.6)
  - Flipper-PeerTalk (~> 0.0.4)
  - Flipper-RSocket (~> 1.3)
  - FlipperKit (~> 0.75.1)
  - FlipperKit/Core (~> 0.75.1)
  - FlipperKit/CppBridge (~> 0.75.1)
  - FlipperKit/FBCxxFollyDynamicConvert (~> 0.75.1)
  - FlipperKit/FBDefines (~> 0.75.1)
  - FlipperKit/FKPortForwarding (~> 0.75.1)
  - FlipperKit/FlipperKitHighlightOverlay (~> 0.75.1)
  - FlipperKit/FlipperKitLayoutPlugin (~> 0.75.1)
  - FlipperKit/FlipperKitLayoutTextSearchable (~> 0.75.1)
  - FlipperKit/FlipperKitNetworkPlugin (~> 0.75.1)
  - FlipperKit/FlipperKitReactPlugin (~> 0.75.1)
  - FlipperKit/FlipperKitUserDefaultsPlugin (~> 0.75.1)
  - FlipperKit/SKIOSNetworkPlugin (~> 0.75.1)
  - glog (from `../node_modules/react-native-macos/third-party-podspecs/glog.podspec`)
  - RCT-Folly (from `../node_modules/react-native-macos/third-party-podspecs/RCT-Folly.podspec`)
  - RCTRequired (from `../node_modules/react-native-macos/Libraries/RCTRequired`)
  - RCTTypeSafety (from `../node_modules/react-native-macos/Libraries/TypeSafety`)
  - React (from `../node_modules/react-native-macos/`)
  - React-callinvoker (from `../node_modules/react-native-macos/ReactCommon/callinvoker`)
  - React-Core (from `../node_modules/react-native-macos/`)
  - React-Core/DevSupport (from `../node_modules/react-native-macos/`)
  - React-Core/RCTWebSocket (from `../node_modules/react-native-macos/`)
  - React-CoreModules (from `../node_modules/react-native-macos/React/CoreModules`)
  - React-cxxreact (from `../node_modules/react-native-macos/ReactCommon/cxxreact`)
  - React-jsi (from `../node_modules/react-native-macos/ReactCommon/jsi`)
  - React-jsiexecutor (from `../node_modules/react-native-macos/ReactCommon/jsiexecutor`)
  - React-jsinspector (from `../node_modules/react-native-macos/ReactCommon/jsinspector`)
  - react-native-get-random-values (from `../node_modules/react-native-get-random-values`)
  - react-native-macos-sensitive-info (from `../node_modules/react-native-macos-sensitive-info`)
  - react-native-safe-area-context (from `../node_modules/react-native-safe-area-context`)
  - react-native-webview (from `../node_modules/react-native-webview`)
  - React-RCTActionSheet (from `../node_modules/react-native-macos/Libraries/ActionSheetIOS`)
  - React-RCTAnimation (from `../node_modules/react-native-macos/Libraries/NativeAnimation`)
  - React-RCTBlob (from `../node_modules/react-native-macos/Libraries/Blob`)
  - React-RCTImage (from `../node_modules/react-native-macos/Libraries/Image`)
  - React-RCTLinking (from `../node_modules/react-native-macos/Libraries/LinkingIOS`)
  - React-RCTNetwork (from `../node_modules/react-native-macos/Libraries/Network`)
  - React-RCTSettings (from `../node_modules/react-native-macos/Libraries/Settings`)
  - React-RCTText (from `../node_modules/react-native-macos/Libraries/Text`)
  - React-RCTVibration (from `../node_modules/react-native-macos/Libraries/Vibration`)
  - ReactCommon/turbomodule/core (from `../node_modules/react-native-macos/ReactCommon`)
  - "RNCAsyncStorage (from `../node_modules/@react-native-async-storage/async-storage`)"
  - RNGestureHandler (from `../node_modules/react-native-gesture-handler`)
  - RNReanimated (from `../node_modules/react-native-reanimated`)
  - RNScreens (from `../node_modules/react-native-screens`)
  - RNVectorIcons (from `../node_modules/react-native-vector-icons`)
  - Yoga (from `../node_modules/react-native-macos/ReactCommon/yoga`)

SPEC REPOS:
  trunk:
    - CocoaAsyncSocket
    - Flipper
    - Flipper-DoubleConversion
    - Flipper-Folly
    - Flipper-Glog
    - Flipper-PeerTalk
    - Flipper-RSocket
    - FlipperKit
    - Folly
    - libevent
    - OpenSSL-Universal
    - YogaKit

EXTERNAL SOURCES:
  boost-for-react-native:
    :podspec: "../node_modules/react-native-macos/third-party-podspecs/boost-for-react-native.podspec"
  DoubleConversion:
    :podspec: "../node_modules/react-native-macos/third-party-podspecs/DoubleConversion.podspec"
  FBLazyVector:
    :path: "../node_modules/react-native-macos/Libraries/FBLazyVector"
  FBReactNativeSpec:
    :path: "../node_modules/react-native-macos/Libraries/FBReactNativeSpec"
  glog:
    :podspec: "../node_modules/react-native-macos/third-party-podspecs/glog.podspec"
  RCT-Folly:
    :podspec: "../node_modules/react-native-macos/third-party-podspecs/RCT-Folly.podspec"
  RCTRequired:
    :path: "../node_modules/react-native-macos/Libraries/RCTRequired"
  RCTTypeSafety:
    :path: "../node_modules/react-native-macos/Libraries/TypeSafety"
  React:
    :path: "../node_modules/react-native-macos/"
  React-callinvoker:
    :path: "../node_modules/react-native-macos/ReactCommon/callinvoker"
  React-Core:
    :path: "../node_modules/react-native-macos/"
  React-CoreModules:
    :path: "../node_modules/react-native-macos/React/CoreModules"
  React-cxxreact:
    :path: "../node_modules/react-native-macos/ReactCommon/cxxreact"
  React-jsi:
    :path: "../node_modules/react-native-macos/ReactCommon/jsi"
  React-jsiexecutor:
    :path: "../node_modules/react-native-macos/ReactCommon/jsiexecutor"
  React-jsinspector:
    :path: "../node_modules/react-native-macos/ReactCommon/jsinspector"
  react-native-get-random-values:
    :path: "../node_modules/react-native-get-random-values"
  react-native-macos-sensitive-info:
    :path: "../node_modules/react-native-macos-sensitive-info"
  react-native-safe-area-context:
    :path: "../node_modules/react-native-safe-area-context"
  react-native-webview:
    :path: "../node_modules/react-native-webview"
  React-RCTActionSheet:
    :path: "../node_modules/react-native-macos/Libraries/ActionSheetIOS"
  React-RCTAnimation:
    :path: "../node_modules/react-native-macos/Libraries/NativeAnimation"
  React-RCTBlob:
    :path: "../node_modules/react-native-macos/Libraries/Blob"
  React-RCTImage:
    :path: "../node_modules/react-native-macos/Libraries/Image"
  React-RCTLinking:
    :path: "../node_modules/react-native-macos/Libraries/LinkingIOS"
  React-RCTNetwork:
    :path: "../node_modules/react-native-macos/Libraries/Network"
  React-RCTSettings:
    :path: "../node_modules/react-native-macos/Libraries/Settings"
  React-RCTText:
    :path: "../node_modules/react-native-macos/Libraries/Text"
  React-RCTVibration:
    :path: "../node_modules/react-native-macos/Libraries/Vibration"
  ReactCommon:
    :path: "../node_modules/react-native-macos/ReactCommon"
  RNCAsyncStorage:
    :path: "../node_modules/@react-native-async-storage/async-storage"
  RNGestureHandler:
    :path: "../node_modules/react-native-gesture-handler"
  RNReanimated:
    :path: "../node_modules/react-native-reanimated"
  RNScreens:
    :path: "../node_modules/react-native-screens"
  RNVectorIcons:
    :path: "../node_modules/react-native-vector-icons"
  Yoga:
    :path: "../node_modules/react-native-macos/ReactCommon/yoga"

SPEC CHECKSUMS:
  boost-for-react-native: dabda8622e76020607c2ae1e65cc0cda8b61479d
  CocoaAsyncSocket: 065fd1e645c7abab64f7a6a2007a48038fdc6a99
  DoubleConversion: 56a44bcfd14ab2ff66f5a146b2e875eb4b69b19b
  FBLazyVector: 6f26a5d3b481c40c520b319ab2919994ab28e51d
  FBReactNativeSpec: a364112f45d4c007ab0a375296bd2b5bc171cd72
  Flipper: d3da1aa199aad94455ae725e9f3aa43f3ec17021
  Flipper-DoubleConversion: 38631e41ef4f9b12861c67d17cb5518d06badc41
  Flipper-Folly: f7a3caafbd74bda4827954fd7a6e000e36355489
  Flipper-Glog: 1dfd6abf1e922806c52ceb8701a3599a79a200a6
  Flipper-PeerTalk: 116d8f857dc6ef55c7a5a75ea3ceaafe878aadc9
  Flipper-RSocket: 127954abe8b162fcaf68d2134d34dc2bd7076154
  FlipperKit: 8a20b5c5fcf9436cac58551dc049867247f64b00
  Folly: 211775e49d8da0ca658aebc8eab89d642935755c
  glog: 1cb7c408c781ae8f35bbababe459b45e3dee4ec1
  libevent: 4049cae6c81cdb3654a443be001fb9bdceff7913
  OpenSSL-Universal: 1aa4f6a6ee7256b83db99ec1ccdaa80d10f9af9b
  RCT-Folly: 1347093ffe75e152d846f7e45a3ef901b60021aa
  RCTRequired: 2d4cfa605a65bdd56802eaa8fdbc3310f7136edf
  RCTTypeSafety: 4b3cf5ccb0859341fcb2521ae5d9623582b327e3
  React: dbb7cca926a22af3437d1b584fb25dd539827834
  React-callinvoker: c4559694e7feb44e23bea3146d80ba2115275fc7
  React-Core: c8f2cd77754ecdf30189e161030dd3b124dcfc5e
  React-CoreModules: e0848d9020df774dc6ccbd463b1e479340b5f87e
  React-cxxreact: 9fd4a0bfd568b17b5b443458abd811b88f953058
  React-jsi: 44fbe6321b975bcf197bd2e755bf4bbfcdefc71c
  React-jsiexecutor: fdc300cddea55c8c4cdd35ef7a4ca79d901a008f
  React-jsinspector: fcd5f97a8417f35190dddef8320eca519bcb99d2
  react-native-get-random-values: 237bffb1c7e05fb142092681531810a29ba53015
  react-native-macos-sensitive-info: 5d3e0bb47b1bb94e39548a706dfa86309874d1d7
  react-native-safe-area-context: 584dc04881deb49474363f3be89e4ca0e854c057
  react-native-webview: 193d233c29eacce1f42ca2637dab7ba79c25a6de
  React-RCTActionSheet: cb548b3e6e2469a7a2e35d415a6c202e426d3382
  React-RCTAnimation: 526a79643ef10d3c8682572f10da9e3c37f2bd11
  React-RCTBlob: cd713a51bc0050e2dcac184be7aa3de73712ac46
  React-RCTImage: afe0b37c99dbaed0dc1365166b7002a98d9a1bae
  React-RCTLinking: 3ab416d68e320234c575667a05e8c985f0658135
  React-RCTNetwork: e4c44e037526453d14ab5af49fb29a420e61bf15
  React-RCTSettings: 08fe9de5aa4077191464382070f236079de0922f
  React-RCTText: bc82c1865820b8d07b64b75041b040cff3152a7a
  React-RCTVibration: ab72db1b238f49246d7b7663ce8fa4d57bc29c5b
  ReactCommon: 8164c9d3cd8c956f2fc432b667e964e38ba8e16c
  RNCAsyncStorage: e8b8d6320a0dd90eb610fb0d0b1ef90596697c69
  RNGestureHandler: a479ebd5ed4221a810967000735517df0d2db211
  RNReanimated: 6ec2460b9c6c8f3b1403bd0eaa12d359a98650e3
  RNScreens: 21b73c94c9117e1110a79ee0ee80c93ccefed8ce
  RNVectorIcons: 31cebfcf94e8cf8686eb5303ae0357da64d7a5a4
  Yoga: a68ce967f49a478e85b0642fd33aee46187ab6f8
  YogaKit: f782866e155069a2cca2517aafea43200b01fd5a

PODFILE CHECKSUM: ad568fa7761cef60d248c67c5c99fc441cf61647

COCOAPODS: 1.10.1
