PODS:
  - boost-for-react-native (1.63.0)
  - CocoaAsyncSocket (7.6.5)
  - DoubleConversion (1.1.6)
  - FBLazyVector (0.63.23)
  - FBReactNativeSpec (0.63.23):
    - RCT-Folly (= 2020.01.13.00)
    - RCTRequired (= 0.63.23)
    - RCTTypeSafety (= 0.63.23)
    - React-Core (= 0.63.23)
    - React-jsi (= 0.63.23)
    - ReactCommon/turbomodule/core (= 0.63.23)
  - Flipper (0.54.0):
    - Flipper-Folly (~> 2.2)
    - Flipper-RSocket (~> 1.1)
  - Flipper-DoubleConversion (1.1.7)
  - Flipper-Folly (2.5.1):
    - boost-for-react-native
    - Flipper-DoubleConversion
    - Flipper-Glog
    - libevent (~> 2.1.12)
    - OpenSSL-Universal (= 1.1.180)
  - Flipper-Glog (0.3.6)
  - Flipper-PeerTalk (0.0.4)
  - Flipper-RSocket (1.3.1):
    - Flipper-Folly (~> 2.5)
  - FlipperKit (0.54.0):
    - FlipperKit/Core (= 0.54.0)
  - FlipperKit/Core (0.54.0):
    - Flipper (~> 0.54.0)
    - FlipperKit/CppBridge
    - FlipperKit/FBCxxFollyDynamicConvert
    - FlipperKit/FBDefines
    - FlipperKit/FKPortForwarding
  - FlipperKit/CppBridge (0.54.0):
    - Flipper (~> 0.54.0)
  - FlipperKit/FBCxxFollyDynamicConvert (0.54.0):
    - Flipper-Folly (~> 2.2)
  - FlipperKit/FBDefines (0.54.0)
  - FlipperKit/FKPortForwarding (0.54.0):
    - CocoaAsyncSocket (~> 7.6)
    - Flipper-PeerTalk (~> 0.0.4)
  - FlipperKit/FlipperKitHighlightOverlay (0.54.0)
  - FlipperKit/FlipperKitLayoutPlugin (0.54.0):
    - FlipperKit/Core
    - FlipperKit/FlipperKitHighlightOverlay
    - FlipperKit/FlipperKitLayoutTextSearchable
    - YogaKit (~> 1.18)
  - FlipperKit/FlipperKitLayoutTextSearchable (0.54.0)
  - FlipperKit/FlipperKitNetworkPlugin (0.54.0):
    - FlipperKit/Core
  - FlipperKit/FlipperKitReactPlugin (0.54.0):
    - FlipperKit/Core
  - FlipperKit/FlipperKitUserDefaultsPlugin (0.54.0):
    - FlipperKit/Core
  - FlipperKit/SKIOSNetworkPlugin (0.54.0):
    - FlipperKit/Core
    - FlipperKit/FlipperKitNetworkPlugin
  - glog (0.3.5)
  - libevent (2.1.12)
  - OpenSSL-Universal (1.1.180)
  - RCT-Folly (2020.01.13.00):
    - boost-for-react-native
    - DoubleConversion
    - glog
    - RCT-Folly/Default (= 2020.01.13.00)
  - RCT-Folly/Default (2020.01.13.00):
    - boost-for-react-native
    - DoubleConversion
    - glog
  - RCTRequired (0.63.23)
  - RCTTypeSafety (0.63.23):
    - FBLazyVector (= 0.63.23)
    - RCT-Folly (= 2020.01.13.00)
    - RCTRequired (= 0.63.23)
    - React-Core (= 0.63.23)
  - React (0.63.23):
    - React-Core (= 0.63.23)
    - React-Core/DevSupport (= 0.63.23)
    - React-Core/RCTWebSocket (= 0.63.23)
    - React-RCTActionSheet (= 0.63.23)
    - React-RCTAnimation (= 0.63.23)
    - React-RCTBlob (= 0.63.23)
    - React-RCTImage (= 0.63.23)
    - React-RCTLinking (= 0.63.23)
    - React-RCTNetwork (= 0.63.23)
    - React-RCTSettings (= 0.63.23)
    - React-RCTText (= 0.63.23)
    - React-RCTVibration (= 0.63.23)
  - React-callinvoker (0.63.23)
  - React-Core (0.63.23):
    - glog
    - RCT-Folly (= 2020.01.13.00)
    - React-Core/Default (= 0.63.23)
    - React-cxxreact (= 0.63.23)
    - React-jsi (= 0.63.23)
    - React-jsiexecutor (= 0.63.23)
    - Yoga
  - React-Core/CoreModulesHeaders (0.63.23):
    - glog
    - RCT-Folly (= 2020.01.13.00)
    - React-Core/Default
    - React-cxxreact (= 0.63.23)
    - React-jsi (= 0.63.23)
    - React-jsiexecutor (= 0.63.23)
    - Yoga
  - React-Core/Default (0.63.23):
    - glog
    - RCT-Folly (= 2020.01.13.00)
    - React-cxxreact (= 0.63.23)
    - React-jsi (= 0.63.23)
    - React-jsiexecutor (= 0.63.23)
    - Yoga
  - React-Core/DevSupport (0.63.23):
    - glog
    - RCT-Folly (= 2020.01.13.00)
    - React-Core/Default (= 0.63.23)
    - React-Core/RCTWebSocket (= 0.63.23)
    - React-cxxreact (= 0.63.23)
    - React-jsi (= 0.63.23)
    - React-jsiexecutor (= 0.63.23)
    - React-jsinspector (= 0.63.23)
    - Yoga
  - React-Core/RCTActionSheetHeaders (0.63.23):
    - glog
    - RCT-Folly (= 2020.01.13.00)
    - React-Core/Default
    - React-cxxreact (= 0.63.23)
    - React-jsi (= 0.63.23)
    - React-jsiexecutor (= 0.63.23)
    - Yoga
  - React-Core/RCTAnimationHeaders (0.63.23):
    - glog
    - RCT-Folly (= 2020.01.13.00)
    - React-Core/Default
    - React-cxxreact (= 0.63.23)
    - React-jsi (= 0.63.23)
    - React-jsiexecutor (= 0.63.23)
    - Yoga
  - React-Core/RCTBlobHeaders (0.63.23):
    - glog
    - RCT-Folly (= 2020.01.13.00)
    - React-Core/Default
    - React-cxxreact (= 0.63.23)
    - React-jsi (= 0.63.23)
    - React-jsiexecutor (= 0.63.23)
    - Yoga
  - React-Core/RCTImageHeaders (0.63.23):
    - glog
    - RCT-Folly (= 2020.01.13.00)
    - React-Core/Default
    - React-cxxreact (= 0.63.23)
    - React-jsi (= 0.63.23)
    - React-jsiexecutor (= 0.63.23)
    - Yoga
  - React-Core/RCTLinkingHeaders (0.63.23):
    - glog
    - RCT-Folly (= 2020.01.13.00)
    - React-Core/Default
    - React-cxxreact (= 0.63.23)
    - React-jsi (= 0.63.23)
    - React-jsiexecutor (= 0.63.23)
    - Yoga
  - React-Core/RCTNetworkHeaders (0.63.23):
    - glog
    - RCT-Folly (= 2020.01.13.00)
    - React-Core/Default
    - React-cxxreact (= 0.63.23)
    - React-jsi (= 0.63.23)
    - React-jsiexecutor (= 0.63.23)
    - Yoga
  - React-Core/RCTSettingsHeaders (0.63.23):
    - glog
    - RCT-Folly (= 2020.01.13.00)
    - React-Core/Default
    - React-cxxreact (= 0.63.23)
    - React-jsi (= 0.63.23)
    - React-jsiexecutor (= 0.63.23)
    - Yoga
  - React-Core/RCTTextHeaders (0.63.23):
    - glog
    - RCT-Folly (= 2020.01.13.00)
    - React-Core/Default
    - React-cxxreact (= 0.63.23)
    - React-jsi (= 0.63.23)
    - React-jsiexecutor (= 0.63.23)
    - Yoga
  - React-Core/RCTVibrationHeaders (0.63.23):
    - glog
    - RCT-Folly (= 2020.01.13.00)
    - React-Core/Default
    - React-cxxreact (= 0.63.23)
    - React-jsi (= 0.63.23)
    - React-jsiexecutor (= 0.63.23)
    - Yoga
  - React-Core/RCTWebSocket (0.63.23):
    - glog
    - RCT-Folly (= 2020.01.13.00)
    - React-Core/Default (= 0.63.23)
    - React-cxxreact (= 0.63.23)
    - React-jsi (= 0.63.23)
    - React-jsiexecutor (= 0.63.23)
    - Yoga
  - React-CoreModules (0.63.23):
    - FBReactNativeSpec (= 0.63.23)
    - RCT-Folly (= 2020.01.13.00)
    - RCTTypeSafety (= 0.63.23)
    - React-Core/CoreModulesHeaders (= 0.63.23)
    - React-jsi (= 0.63.23)
    - React-RCTImage (= 0.63.23)
    - ReactCommon/turbomodule/core (= 0.63.23)
  - React-cxxreact (0.63.23):
    - boost-for-react-native (= 1.63.0)
    - DoubleConversion
    - glog
    - RCT-Folly (= 2020.01.13.00)
    - React-callinvoker (= 0.63.23)
    - React-jsinspector (= 0.63.23)
  - React-jsi (0.63.23):
    - boost-for-react-native (= 1.63.0)
    - DoubleConversion
    - glog
    - RCT-Folly (= 2020.01.13.00)
    - React-jsi/Default (= 0.63.23)
  - React-jsi/Default (0.63.23):
    - boost-for-react-native (= 1.63.0)
    - DoubleConversion
    - glog
    - RCT-Folly (= 2020.01.13.00)
  - React-jsiexecutor (0.63.23):
    - DoubleConversion
    - glog
    - RCT-Folly (= 2020.01.13.00)
    - React-cxxreact (= 0.63.23)
    - React-jsi (= 0.63.23)
  - React-jsinspector (0.63.23)
  - react-native-get-random-values (1.7.0):
    - React-Core
  - react-native-macos-sensitive-info (6.0.0-alpha.11):
    - React-Core
  - react-native-safe-area-context (3.2.0):
    - React-Core
  - react-native-webview (11.4.0):
    - React-Core
  - React-RCTActionSheet (0.63.23):
    - React-Core/RCTActionSheetHeaders (= 0.63.23)
  - React-RCTAnimation (0.63.23):
    - FBReactNativeSpec (= 0.63.23)
    - RCT-Folly (= 2020.01.13.00)
    - RCTTypeSafety (= 0.63.23)
    - React-Core/RCTAnimationHeaders (= 0.63.23)
    - React-jsi (= 0.63.23)
    - ReactCommon/turbomodule/core (= 0.63.23)
  - React-RCTBlob (0.63.23):
    - FBReactNativeSpec (= 0.63.23)
    - RCT-Folly (= 2020.01.13.00)
    - React-Core/RCTBlobHeaders (= 0.63.23)
    - React-Core/RCTWebSocket (= 0.63.23)
    - React-jsi (= 0.63.23)
    - React-RCTNetwork (= 0.63.23)
    - ReactCommon/turbomodule/core (= 0.63.23)
  - React-RCTImage (0.63.23):
    - FBReactNativeSpec (= 0.63.23)
    - RCT-Folly (= 2020.01.13.00)
    - RCTTypeSafety (= 0.63.23)
    - React-Core/RCTImageHeaders (= 0.63.23)
    - React-jsi (= 0.63.23)
    - React-RCTNetwork (= 0.63.23)
    - ReactCommon/turbomodule/core (= 0.63.23)
  - React-RCTLinking (0.63.23):
    - FBReactNativeSpec (= 0.63.23)
    - React-Core/RCTLinkingHeaders (= 0.63.23)
    - React-jsi (= 0.63.23)
    - ReactCommon/turbomodule/core (= 0.63.23)
  - React-RCTNetwork (0.63.23):
    - FBReactNativeSpec (= 0.63.23)
    - RCT-Folly (= 2020.01.13.00)
    - RCTTypeSafety (= 0.63.23)
    - React-Core/RCTNetworkHeaders (= 0.63.23)
    - React-jsi (= 0.63.23)
    - ReactCommon/turbomodule/core (= 0.63.23)
  - React-RCTSettings (0.63.23):
    - FBReactNativeSpec (= 0.63.23)
    - RCT-Folly (= 2020.01.13.00)
    - RCTTypeSafety (= 0.63.23)
    - React-Core/RCTSettingsHeaders (= 0.63.23)
    - React-jsi (= 0.63.23)
    - ReactCommon/turbomodule/core (= 0.63.23)
  - React-RCTText (0.63.23):
    - React-Core/RCTTextHeaders (= 0.63.23)
  - React-RCTVibration (0.63.23):
    - FBReactNativeSpec (= 0.63.23)
    - RCT-Folly (= 2020.01.13.00)
    - React-Core/RCTVibrationHeaders (= 0.63.23)
    - React-jsi (= 0.63.23)
    - ReactCommon/turbomodule/core (= 0.63.23)
  - ReactCommon/turbomodule/core (0.63.23):
    - DoubleConversion
    - glog
    - RCT-Folly (= 2020.01.13.00)
    - React-callinvoker (= 0.63.23)
    - React-Core (= 0.63.23)
    - React-cxxreact (= 0.63.23)
    - React-jsi (= 0.63.23)
  - RNCAsyncStorage (1.15.2):
    - React-Core
  - RNScreens (3.1.1):
    - React-Core
  - RNVectorIcons (8.1.0):
    - React-Core
  - Yoga (1.14.0)
  - YogaKit (1.18.1):
    - Yoga (~> 1.14)

DEPENDENCIES:
  - boost-for-react-native (from `../node_modules/react-native-macos/third-party-podspecs/boost-for-react-native.podspec`)
  - DoubleConversion (from `../node_modules/react-native-macos/third-party-podspecs/DoubleConversion.podspec`)
  - FBLazyVector (from `../node_modules/react-native-macos/Libraries/FBLazyVector`)
  - FBReactNativeSpec (from `../node_modules/react-native-macos/Libraries/FBReactNativeSpec`)
  - Flipper (~> 0.54.0)
  - Flipper-DoubleConversion (= 1.1.7)
  - Flipper-Folly (~> 2.2)
  - Flipper-Glog (= 0.3.6)
  - Flipper-PeerTalk (~> 0.0.4)
  - Flipper-RSocket (~> 1.1)
  - FlipperKit (~> 0.54.0)
  - FlipperKit/Core (~> 0.54.0)
  - FlipperKit/CppBridge (~> 0.54.0)
  - FlipperKit/FBCxxFollyDynamicConvert (~> 0.54.0)
  - FlipperKit/FBDefines (~> 0.54.0)
  - FlipperKit/FKPortForwarding (~> 0.54.0)
  - FlipperKit/FlipperKitHighlightOverlay (~> 0.54.0)
  - FlipperKit/FlipperKitLayoutPlugin (~> 0.54.0)
  - FlipperKit/FlipperKitLayoutTextSearchable (~> 0.54.0)
  - FlipperKit/FlipperKitNetworkPlugin (~> 0.54.0)
  - FlipperKit/FlipperKitReactPlugin (~> 0.54.0)
  - FlipperKit/FlipperKitUserDefaultsPlugin (~> 0.54.0)
  - FlipperKit/SKIOSNetworkPlugin (~> 0.54.0)
  - glog (from `../node_modules/react-native-macos/third-party-podspecs/glog.podspec`)
  - RCT-Folly (from `../node_modules/react-native-macos/third-party-podspecs/RCT-Folly.podspec`)
  - RCTRequired (from `../node_modules/react-native-macos/Libraries/RCTRequired`)
  - RCTTypeSafety (from `../node_modules/react-native-macos/Libraries/TypeSafety`)
  - React (from `../node_modules/react-native-macos/`)
  - React-callinvoker (from `../node_modules/react-native-macos/ReactCommon/callinvoker`)
  - React-Core (from `../node_modules/react-native-macos/`)
  - React-Core/DevSupport (from `../node_modules/react-native-macos/`)
  - React-Core/RCTWebSocket (from `../node_modules/react-native-macos/`)
  - React-CoreModules (from `../node_modules/react-native-macos/React/CoreModules`)
  - React-cxxreact (from `../node_modules/react-native-macos/ReactCommon/cxxreact`)
  - React-jsi (from `../node_modules/react-native-macos/ReactCommon/jsi`)
  - React-jsiexecutor (from `../node_modules/react-native-macos/ReactCommon/jsiexecutor`)
  - React-jsinspector (from `../node_modules/react-native-macos/ReactCommon/jsinspector`)
  - react-native-get-random-values (from `../node_modules/react-native-get-random-values`)
  - react-native-macos-sensitive-info (from `../node_modules/react-native-macos-sensitive-info`)
  - react-native-safe-area-context (from `../node_modules/react-native-safe-area-context`)
  - react-native-webview (from `../node_modules/react-native-webview`)
  - React-RCTActionSheet (from `../node_modules/react-native-macos/Libraries/ActionSheetIOS`)
  - React-RCTAnimation (from `../node_modules/react-native-macos/Libraries/NativeAnimation`)
  - React-RCTBlob (from `../node_modules/react-native-macos/Libraries/Blob`)
  - React-RCTImage (from `../node_modules/react-native-macos/Libraries/Image`)
  - React-RCTLinking (from `../node_modules/react-native-macos/Libraries/LinkingIOS`)
  - React-RCTNetwork (from `../node_modules/react-native-macos/Libraries/Network`)
  - React-RCTSettings (from `../node_modules/react-native-macos/Libraries/Settings`)
  - React-RCTText (from `../node_modules/react-native-macos/Libraries/Text`)
  - React-RCTVibration (from `../node_modules/react-native-macos/Libraries/Vibration`)
  - ReactCommon/turbomodule/core (from `../node_modules/react-native-macos/ReactCommon`)
  - "RNCAsyncStorage (from `../node_modules/@react-native-async-storage/async-storage`)"
  - RNScreens (from `../node_modules/react-native-screens`)
  - RNVectorIcons (from `../node_modules/react-native-vector-icons`)
  - Yoga (from `../node_modules/react-native-macos/ReactCommon/yoga`)

SPEC REPOS:
  trunk:
    - CocoaAsyncSocket
    - Flipper
    - Flipper-DoubleConversion
    - Flipper-Folly
    - Flipper-Glog
    - Flipper-PeerTalk
    - Flipper-RSocket
    - FlipperKit
    - libevent
    - OpenSSL-Universal
    - YogaKit

EXTERNAL SOURCES:
  boost-for-react-native:
    :podspec: "../node_modules/react-native-macos/third-party-podspecs/boost-for-react-native.podspec"
  DoubleConversion:
    :podspec: "../node_modules/react-native-macos/third-party-podspecs/DoubleConversion.podspec"
  FBLazyVector:
    :path: "../node_modules/react-native-macos/Libraries/FBLazyVector"
  FBReactNativeSpec:
    :path: "../node_modules/react-native-macos/Libraries/FBReactNativeSpec"
  glog:
    :podspec: "../node_modules/react-native-macos/third-party-podspecs/glog.podspec"
  RCT-Folly:
    :podspec: "../node_modules/react-native-macos/third-party-podspecs/RCT-Folly.podspec"
  RCTRequired:
    :path: "../node_modules/react-native-macos/Libraries/RCTRequired"
  RCTTypeSafety:
    :path: "../node_modules/react-native-macos/Libraries/TypeSafety"
  React:
    :path: "../node_modules/react-native-macos/"
  React-callinvoker:
    :path: "../node_modules/react-native-macos/ReactCommon/callinvoker"
  React-Core:
    :path: "../node_modules/react-native-macos/"
  React-CoreModules:
    :path: "../node_modules/react-native-macos/React/CoreModules"
  React-cxxreact:
    :path: "../node_modules/react-native-macos/ReactCommon/cxxreact"
  React-jsi:
    :path: "../node_modules/react-native-macos/ReactCommon/jsi"
  React-jsiexecutor:
    :path: "../node_modules/react-native-macos/ReactCommon/jsiexecutor"
  React-jsinspector:
    :path: "../node_modules/react-native-macos/ReactCommon/jsinspector"
  react-native-get-random-values:
    :path: "../node_modules/react-native-get-random-values"
  react-native-macos-sensitive-info:
    :path: "../node_modules/react-native-macos-sensitive-info"
  react-native-safe-area-context:
    :path: "../node_modules/react-native-safe-area-context"
  react-native-webview:
    :path: "../node_modules/react-native-webview"
  React-RCTActionSheet:
    :path: "../node_modules/react-native-macos/Libraries/ActionSheetIOS"
  React-RCTAnimation:
    :path: "../node_modules/react-native-macos/Libraries/NativeAnimation"
  React-RCTBlob:
    :path: "../node_modules/react-native-macos/Libraries/Blob"
  React-RCTImage:
    :path: "../node_modules/react-native-macos/Libraries/Image"
  React-RCTLinking:
    :path: "../node_modules/react-native-macos/Libraries/LinkingIOS"
  React-RCTNetwork:
    :path: "../node_modules/react-native-macos/Libraries/Network"
  React-RCTSettings:
    :path: "../node_modules/react-native-macos/Libraries/Settings"
  React-RCTText:
    :path: "../node_modules/react-native-macos/Libraries/Text"
  React-RCTVibration:
    :path: "../node_modules/react-native-macos/Libraries/Vibration"
  ReactCommon:
    :path: "../node_modules/react-native-macos/ReactCommon"
  RNCAsyncStorage:
    :path: "../node_modules/@react-native-async-storage/async-storage"
  RNScreens:
    :path: "../node_modules/react-native-screens"
  RNVectorIcons:
    :path: "../node_modules/react-native-vector-icons"
  Yoga:
    :path: "../node_modules/react-native-macos/ReactCommon/yoga"

SPEC CHECKSUMS:
  boost-for-react-native: dabda8622e76020607c2ae1e65cc0cda8b61479d
  CocoaAsyncSocket: 065fd1e645c7abab64f7a6a2007a48038fdc6a99
  DoubleConversion: 56a44bcfd14ab2ff66f5a146b2e875eb4b69b19b
  FBLazyVector: 13b1b31e102a537e665b5222057c51407c7844ed
  FBReactNativeSpec: 19bb0a16b500a10188486e7e89fa65a0db143e6a
  Flipper: be611d4b742d8c87fbae2ca5f44603a02539e365
  Flipper-DoubleConversion: 38631e41ef4f9b12861c67d17cb5518d06badc41
  Flipper-Folly: f7a3caafbd74bda4827954fd7a6e000e36355489
  Flipper-Glog: 1dfd6abf1e922806c52ceb8701a3599a79a200a6
  Flipper-PeerTalk: 116d8f857dc6ef55c7a5a75ea3ceaafe878aadc9
  Flipper-RSocket: 127954abe8b162fcaf68d2134d34dc2bd7076154
  FlipperKit: ab353d41aea8aae2ea6daaf813e67496642f3d7d
  glog: 1cb7c408c781ae8f35bbababe459b45e3dee4ec1
  libevent: 4049cae6c81cdb3654a443be001fb9bdceff7913
  OpenSSL-Universal: 1aa4f6a6ee7256b83db99ec1ccdaa80d10f9af9b
  RCT-Folly: 1347093ffe75e152d846f7e45a3ef901b60021aa
  RCTRequired: f276f9eb58c791f874c317b9cc4330572fd07b04
  RCTTypeSafety: cd98677de957be62d2a77c70e77deaedc838f8c4
  React: ecda0a2cc14163ca69130a5275eea8649701f1b1
  React-callinvoker: df12bd28405c82adcc3a0de3e7c0498cf5f2ce39
  React-Core: 52e7972317050f8feef22e8a960f698d63db82fc
  React-CoreModules: 6924af8b8bf96018f3907b12f6a803c2b2798d6a
  React-cxxreact: 7d81bb84034a6d59c42ae760aa6a13db22df916a
  React-jsi: d94c378d2f53c4161d18e6faa2332d983b16bfd5
  React-jsiexecutor: ecdf4db28766cd5e6cf7224affc40906fe384d4e
  React-jsinspector: c3e7f191acbd5ec43b9e7605b28c2a72be903154
  react-native-get-random-values: 237bffb1c7e05fb142092681531810a29ba53015
  react-native-macos-sensitive-info: 5d3e0bb47b1bb94e39548a706dfa86309874d1d7
  react-native-safe-area-context: f0906bf8bc9835ac9a9d3f97e8bde2a997d8da79
  react-native-webview: 4dfb534e9600b87fe667c5ca4fe09149383218b9
  React-RCTActionSheet: f08f247739d22c4761782c6f64694d705bae1a38
  React-RCTAnimation: 91475020d5b286feeb26a2b8417698699b124695
  React-RCTBlob: bd57a242e2b9f9189b2b8883c8f3b265bb3a7769
  React-RCTImage: f342445c38b21bcaf8fcef1ddc5b9950a89ea01c
  React-RCTLinking: db03c819037f18998d89ec38df0ee7856064f1b0
  React-RCTNetwork: 639b6c14609179d18e1f674ac6b8d643a26ecadf
  React-RCTSettings: 962d0eadbec9a848f356fe7a6506298ffcb9145a
  React-RCTText: e3de6a9e191a23d10cf2d3017acb9c14439cfd31
  React-RCTVibration: c16c04f8602a0ed319d71c9c8499358de835bfd6
  ReactCommon: e1778ab95e29f249045e3718ff7271e6e920648a
  RNCAsyncStorage: 9b7605e899f9acb2fba33e87952c529731265453
  RNScreens: bd1523c3bde7069b8e958e5a16e1fc7722ad0bdd
  RNVectorIcons: 31cebfcf94e8cf8686eb5303ae0357da64d7a5a4
  Yoga: b1c41463d74ea662f9c6ccb7ab9cdab54e2cfd1b
  YogaKit: f782866e155069a2cca2517aafea43200b01fd5a

PODFILE CHECKSUM: ad568fa7761cef60d248c67c5c99fc441cf61647

COCOAPODS: 1.10.1
